
Microsoft Visual Studio Solution File, Format Version 12.00
# Visual Studio Version 16
VisualStudioVersion = 16.0.808.0
MinimumVisualStudioVersion = 10.0.40219.1
Project("{FAE04EC0-301F-11D3-BF4B-00C04F79EFBC}") = "RuduenModsTest", "RuduenModsTest\RuduenModsTest.csproj", "{AFE958F0-3C90-4493-A425-48A660B58E76}"
	ProjectSection(ProjectDependencies) = postProject
		{79F7ED14-FC8A-4625-A297-2CC51C5D803D} = {79F7ED14-FC8A-4625-A297-2CC51C5D803D}
		{16E9E49A-4EA1-4C5C-8A7F-1DEC6BD64E0F} = {16E9E49A-4EA1-4C5C-8A7F-1DEC6BD64E0F}
	EndProjectSection
EndProject
Project("{FAE04EC0-301F-11D3-BF4B-00C04F79EFBC}") = "RuduenModsConsole", "RuduenModsConsole\RuduenModsConsole.csproj", "{79F7ED14-FC8A-4625-A297-2CC51C5D803D}"
	ProjectSection(ProjectDependencies) = postProject
		{16E9E49A-4EA1-4C5C-8A7F-1DEC6BD64E0F} = {16E9E49A-4EA1-4C5C-8A7F-1DEC6BD64E0F}
	EndProjectSection
EndProject
Project("{FAE04EC0-301F-11D3-BF4B-00C04F79EFBC}") = "RuduenMods", "RuduenMods\RuduenMods.csproj", "{16E9E49A-4EA1-4C5C-8A7F-1DEC6BD64E0F}"
EndProject
Global
	GlobalSection(SolutionConfigurationPlatforms) = preSolution
		Debug|Any CPU = Debug|Any CPU
		Release|Any CPU = Release|Any CPU
	EndGlobalSection
	GlobalSection(ProjectConfigurationPlatforms) = postSolution
		{AFE958F0-3C90-4493-A425-48A660B58E76}.Debug|Any CPU.ActiveCfg = Debug|Any CPU
		{AFE958F0-3C90-4493-A425-48A660B58E76}.Debug|Any CPU.Build.0 = Debug|Any CPU
		{AFE958F0-3C90-4493-A425-48A660B58E76}.Release|Any CPU.ActiveCfg = Release|Any CPU
		{AFE958F0-3C90-4493-A425-48A660B58E76}.Release|Any CPU.Build.0 = Release|Any CPU
		{79F7ED14-FC8A-4625-A297-2CC51C5D803D}.Debug|Any CPU.ActiveCfg = Debug|Any CPU
		{79F7ED14-FC8A-4625-A297-2CC51C5D803D}.Debug|Any CPU.Build.0 = Debug|Any CPU
		{79F7ED14-FC8A-4625-A297-2CC51C5D803D}.Release|Any CPU.ActiveCfg = Release|Any CPU
		{79F7ED14-FC8A-4625-A297-2CC51C5D803D}.Release|Any CPU.Build.0 = Release|Any CPU
		{16E9E49A-4EA1-4C5C-8A7F-1DEC6BD64E0F}.Debug|Any CPU.ActiveCfg = Debug|Any CPU
		{16E9E49A-4EA1-4C5C-8A7F-1DEC6BD64E0F}.Debug|Any CPU.Build.0 = Debug|Any CPU
		{16E9E49A-4EA1-4C5C-8A7F-1DEC6BD64E0F}.Release|Any CPU.ActiveCfg = Release|Any CPU
		{16E9E49A-4EA1-4C5C-8A7F-1DEC6BD64E0F}.Release|Any CPU.Build.0 = Release|Any CPU
	EndGlobalSection
	GlobalSection(SolutionProperties) = preSolution
		HideSolutionNode = FALSE
	EndGlobalSection
	GlobalSection(ExtensibilityGlobals) = postSolution
		SolutionGuid = {8CABC6FF-98D3-475D-B459-D178F300AEC1}
	EndGlobalSection
EndGlobal
