
Microsoft Visual Studio Solution File, Format Version 12.00
# Visual Studio Version 16
VisualStudioVersion = 16.0.808.0
MinimumVisualStudioVersion = 10.0.40219.1
Project("{FAE04EC0-301F-11D3-BF4B-00C04F79EFBC}") = "RuduenModInquirer", "RuduenMods\Inquirer\RuduenModInquirer.csproj", "{44F8C838-553C-482C-B389-2B375B8590C9}"
EndProject
Project("{FAE04EC0-301F-11D3-BF4B-00C04F79EFBC}") = "RuduenModsTest", "RuduenModsTest\RuduenModsTest.csproj", "{AFE958F0-3C90-4493-A425-48A660B58E76}"
EndProject
Project("{FAE04EC0-301F-11D3-BF4B-00C04F79EFBC}") = "RuduenModsConsole", "RuduenModsConsole\RuduenModsConsole.csproj", "{79F7ED14-FC8A-4625-A297-2CC51C5D803D}"
EndProject
Project("{FAE04EC0-301F-11D3-BF4B-00C04F79EFBC}") = "RuduenModCascade", "RuduenMods\Cascade\RuduenModCascade.csproj", "{FB73ABD4-2296-4472-A2D5-A23B4C9176A3}"
EndProject
Project("{FAE04EC0-301F-11D3-BF4B-00C04F79EFBC}") = "RuduenModBreachMage", "RuduenMods\BreachMage\RuduenModBreachMage.csproj", "{16E9E49A-4EA1-4C5C-8A7F-1DEC6BD64E0F}"
EndProject
Project("{FAE04EC0-301F-11D3-BF4B-00C04F79EFBC}") = "RuduenModHeroPromosPlaceholder", "RuduenMods\HeroPromosPlaceholder\RuduenModHeroPromosPlaceholder.csproj", "{14A986B3-2B6E-4347-87E4-174DBC4C81CC}"
EndProject
Global
	GlobalSection(SolutionConfigurationPlatforms) = preSolution
		Debug|Any CPU = Debug|Any CPU
		Release|Any CPU = Release|Any CPU
	EndGlobalSection
	GlobalSection(ProjectConfigurationPlatforms) = postSolution
		{44F8C838-553C-482C-B389-2B375B8590C9}.Debug|Any CPU.ActiveCfg = Debug|Any CPU
		{44F8C838-553C-482C-B389-2B375B8590C9}.Debug|Any CPU.Build.0 = Debug|Any CPU
		{44F8C838-553C-482C-B389-2B375B8590C9}.Release|Any CPU.ActiveCfg = Release|Any CPU
		{44F8C838-553C-482C-B389-2B375B8590C9}.Release|Any CPU.Build.0 = Release|Any CPU
		{AFE958F0-3C90-4493-A425-48A660B58E76}.Debug|Any CPU.ActiveCfg = Debug|Any CPU
		{AFE958F0-3C90-4493-A425-48A660B58E76}.Debug|Any CPU.Build.0 = Debug|Any CPU
		{AFE958F0-3C90-4493-A425-48A660B58E76}.Release|Any CPU.ActiveCfg = Release|Any CPU
		{AFE958F0-3C90-4493-A425-48A660B58E76}.Release|Any CPU.Build.0 = Release|Any CPU
		{79F7ED14-FC8A-4625-A297-2CC51C5D803D}.Debug|Any CPU.ActiveCfg = Debug|Any CPU
		{79F7ED14-FC8A-4625-A297-2CC51C5D803D}.Debug|Any CPU.Build.0 = Debug|Any CPU
		{79F7ED14-FC8A-4625-A297-2CC51C5D803D}.Release|Any CPU.ActiveCfg = Release|Any CPU
		{79F7ED14-FC8A-4625-A297-2CC51C5D803D}.Release|Any CPU.Build.0 = Release|Any CPU
		{FB73ABD4-2296-4472-A2D5-A23B4C9176A3}.Debug|Any CPU.ActiveCfg = Debug|Any CPU
		{FB73ABD4-2296-4472-A2D5-A23B4C9176A3}.Debug|Any CPU.Build.0 = Debug|Any CPU
		{FB73ABD4-2296-4472-A2D5-A23B4C9176A3}.Release|Any CPU.ActiveCfg = Release|Any CPU
		{FB73ABD4-2296-4472-A2D5-A23B4C9176A3}.Release|Any CPU.Build.0 = Release|Any CPU
		{16E9E49A-4EA1-4C5C-8A7F-1DEC6BD64E0F}.Debug|Any CPU.ActiveCfg = Debug|Any CPU
		{16E9E49A-4EA1-4C5C-8A7F-1DEC6BD64E0F}.Debug|Any CPU.Build.0 = Debug|Any CPU
		{16E9E49A-4EA1-4C5C-8A7F-1DEC6BD64E0F}.Release|Any CPU.ActiveCfg = Release|Any CPU
		{16E9E49A-4EA1-4C5C-8A7F-1DEC6BD64E0F}.Release|Any CPU.Build.0 = Release|Any CPU
		{14A986B3-2B6E-4347-87E4-174DBC4C81CC}.Debug|Any CPU.ActiveCfg = Debug|Any CPU
		{14A986B3-2B6E-4347-87E4-174DBC4C81CC}.Debug|Any CPU.Build.0 = Debug|Any CPU
		{14A986B3-2B6E-4347-87E4-174DBC4C81CC}.Release|Any CPU.ActiveCfg = Release|Any CPU
		{14A986B3-2B6E-4347-87E4-174DBC4C81CC}.Release|Any CPU.Build.0 = Release|Any CPU
	EndGlobalSection
	GlobalSection(SolutionProperties) = preSolution
		HideSolutionNode = FALSE
	EndGlobalSection
	GlobalSection(ExtensibilityGlobals) = postSolution
		SolutionGuid = {8CABC6FF-98D3-475D-B459-D178F300AEC1}
	EndGlobalSection
EndGlobal
